
Microsoft Visual Studio Solution File, Format Version 12.00
# Visual Studio Version 16
VisualStudioVersion = 16.0.30002.166
MinimumVisualStudioVersion = 10.0.40219.1
Project("{FAE04EC0-301F-11D3-BF4B-00C04F79EFBC}") = "WeatherApp.Android", "WeatherApp\WeatherApp.Android\WeatherApp.Android.csproj", "{68A02107-7FA7-47CF-A326-2C8DC6BF89AE}"
EndProject
Project("{FAE04EC0-301F-11D3-BF4B-00C04F79EFBC}") = "WeatherApp.iOS", "WeatherApp\WeatherApp.iOS\WeatherApp.iOS.csproj", "{168588B4-606E-498B-B8C0-7AA824B9C03E}"
EndProject
Project("{FAE04EC0-301F-11D3-BF4B-00C04F79EFBC}") = "WeatherApp", "WeatherApp\WeatherApp\WeatherApp.csproj", "{A53DA39E-9E38-419B-98AE-FF614EBFDAB2}"
EndProject
Global
	GlobalSection(SolutionConfigurationPlatforms) = preSolution
		Debug|Any CPU = Debug|Any CPU
		Debug|iPhone = Debug|iPhone
		Debug|iPhoneSimulator = Debug|iPhoneSimulator
		Release|Any CPU = Release|Any CPU
		Release|iPhone = Release|iPhone
		Release|iPhoneSimulator = Release|iPhoneSimulator
	EndGlobalSection
	GlobalSection(ProjectConfigurationPlatforms) = postSolution
		{68A02107-7FA7-47CF-A326-2C8DC6BF89AE}.Debug|Any CPU.ActiveCfg = Debug|Any CPU
		{68A02107-7FA7-47CF-A326-2C8DC6BF89AE}.Debug|Any CPU.Build.0 = Debug|Any CPU
		{68A02107-7FA7-47CF-A326-2C8DC6BF89AE}.Debug|Any CPU.Deploy.0 = Debug|Any CPU
		{68A02107-7FA7-47CF-A326-2C8DC6BF89AE}.Debug|iPhone.ActiveCfg = Debug|Any CPU
		{68A02107-7FA7-47CF-A326-2C8DC6BF89AE}.Debug|iPhone.Build.0 = Debug|Any CPU
		{68A02107-7FA7-47CF-A326-2C8DC6BF89AE}.Debug|iPhone.Deploy.0 = Debug|Any CPU
		{68A02107-7FA7-47CF-A326-2C8DC6BF89AE}.Debug|iPhoneSimulator.ActiveCfg = Debug|Any CPU
		{68A02107-7FA7-47CF-A326-2C8DC6BF89AE}.Debug|iPhoneSimulator.Build.0 = Debug|Any CPU
		{68A02107-7FA7-47CF-A326-2C8DC6BF89AE}.Debug|iPhoneSimulator.Deploy.0 = Debug|Any CPU
		{68A02107-7FA7-47CF-A326-2C8DC6BF89AE}.Release|Any CPU.ActiveCfg = Release|Any CPU
		{68A02107-7FA7-47CF-A326-2C8DC6BF89AE}.Release|Any CPU.Build.0 = Release|Any CPU
		{68A02107-7FA7-47CF-A326-2C8DC6BF89AE}.Release|Any CPU.Deploy.0 = Release|Any CPU
		{68A02107-7FA7-47CF-A326-2C8DC6BF89AE}.Release|iPhone.ActiveCfg = Release|Any CPU
		{68A02107-7FA7-47CF-A326-2C8DC6BF89AE}.Release|iPhone.Build.0 = Release|Any CPU
		{68A02107-7FA7-47CF-A326-2C8DC6BF89AE}.Release|iPhone.Deploy.0 = Release|Any CPU
		{68A02107-7FA7-47CF-A326-2C8DC6BF89AE}.Release|iPhoneSimulator.ActiveCfg = Release|Any CPU
		{68A02107-7FA7-47CF-A326-2C8DC6BF89AE}.Release|iPhoneSimulator.Build.0 = Release|Any CPU
		{68A02107-7FA7-47CF-A326-2C8DC6BF89AE}.Release|iPhoneSimulator.Deploy.0 = Release|Any CPU
		{168588B4-606E-498B-B8C0-7AA824B9C03E}.Debug|Any CPU.ActiveCfg = Debug|iPhone
		{168588B4-606E-498B-B8C0-7AA824B9C03E}.Debug|Any CPU.Build.0 = Debug|iPhone
		{168588B4-606E-498B-B8C0-7AA824B9C03E}.Debug|Any CPU.Deploy.0 = Debug|iPhone
		{168588B4-606E-498B-B8C0-7AA824B9C03E}.Debug|iPhone.ActiveCfg = Debug|iPhone
		{168588B4-606E-498B-B8C0-7AA824B9C03E}.Debug|iPhone.Build.0 = Debug|iPhone
		{168588B4-606E-498B-B8C0-7AA824B9C03E}.Debug|iPhone.Deploy.0 = Debug|iPhone
		{168588B4-606E-498B-B8C0-7AA824B9C03E}.Debug|iPhoneSimulator.ActiveCfg = Debug|iPhoneSimulator
		{168588B4-606E-498B-B8C0-7AA824B9C03E}.Debug|iPhoneSimulator.Build.0 = Debug|iPhoneSimulator
		{168588B4-606E-498B-B8C0-7AA824B9C03E}.Debug|iPhoneSimulator.Deploy.0 = Debug|iPhoneSimulator
		{168588B4-606E-498B-B8C0-7AA824B9C03E}.Release|Any CPU.ActiveCfg = Release|iPhone
		{168588B4-606E-498B-B8C0-7AA824B9C03E}.Release|Any CPU.Build.0 = Release|iPhone
		{168588B4-606E-498B-B8C0-7AA824B9C03E}.Release|Any CPU.Deploy.0 = Release|iPhone
		{168588B4-606E-498B-B8C0-7AA824B9C03E}.Release|iPhone.ActiveCfg = Release|iPhone
		{168588B4-606E-498B-B8C0-7AA824B9C03E}.Release|iPhone.Build.0 = Release|iPhone
		{168588B4-606E-498B-B8C0-7AA824B9C03E}.Release|iPhone.Deploy.0 = Release|iPhone
		{168588B4-606E-498B-B8C0-7AA824B9C03E}.Release|iPhoneSimulator.ActiveCfg = Release|iPhoneSimulator
		{168588B4-606E-498B-B8C0-7AA824B9C03E}.Release|iPhoneSimulator.Build.0 = Release|iPhoneSimulator
		{168588B4-606E-498B-B8C0-7AA824B9C03E}.Release|iPhoneSimulator.Deploy.0 = Release|iPhoneSimulator
		{A53DA39E-9E38-419B-98AE-FF614EBFDAB2}.Debug|Any CPU.ActiveCfg = Debug|Any CPU
		{A53DA39E-9E38-419B-98AE-FF614EBFDAB2}.Debug|Any CPU.Build.0 = Debug|Any CPU
		{A53DA39E-9E38-419B-98AE-FF614EBFDAB2}.Debug|Any CPU.Deploy.0 = Debug|Any CPU
		{A53DA39E-9E38-419B-98AE-FF614EBFDAB2}.Debug|iPhone.ActiveCfg = Debug|Any CPU
		{A53DA39E-9E38-419B-98AE-FF614EBFDAB2}.Debug|iPhone.Build.0 = Debug|Any CPU
		{A53DA39E-9E38-419B-98AE-FF614EBFDAB2}.Debug|iPhone.Deploy.0 = Debug|Any CPU
		{A53DA39E-9E38-419B-98AE-FF614EBFDAB2}.Debug|iPhoneSimulator.ActiveCfg = Debug|Any CPU
		{A53DA39E-9E38-419B-98AE-FF614EBFDAB2}.Debug|iPhoneSimulator.Build.0 = Debug|Any CPU
		{A53DA39E-9E38-419B-98AE-FF614EBFDAB2}.Debug|iPhoneSimulator.Deploy.0 = Debug|Any CPU
		{A53DA39E-9E38-419B-98AE-FF614EBFDAB2}.Release|Any CPU.ActiveCfg = Release|Any CPU
		{A53DA39E-9E38-419B-98AE-FF614EBFDAB2}.Release|Any CPU.Build.0 = Release|Any CPU
		{A53DA39E-9E38-419B-98AE-FF614EBFDAB2}.Release|Any CPU.Deploy.0 = Release|Any CPU
		{A53DA39E-9E38-419B-98AE-FF614EBFDAB2}.Release|iPhone.ActiveCfg = Release|Any CPU
		{A53DA39E-9E38-419B-98AE-FF614EBFDAB2}.Release|iPhone.Build.0 = Release|Any CPU
		{A53DA39E-9E38-419B-98AE-FF614EBFDAB2}.Release|iPhone.Deploy.0 = Release|Any CPU
		{A53DA39E-9E38-419B-98AE-FF614EBFDAB2}.Release|iPhoneSimulator.ActiveCfg = Release|Any CPU
		{A53DA39E-9E38-419B-98AE-FF614EBFDAB2}.Release|iPhoneSimulator.Build.0 = Release|Any CPU
		{A53DA39E-9E38-419B-98AE-FF614EBFDAB2}.Release|iPhoneSimulator.Deploy.0 = Release|Any CPU
	EndGlobalSection
	GlobalSection(SolutionProperties) = preSolution
		HideSolutionNode = FALSE
	EndGlobalSection
	GlobalSection(ExtensibilityGlobals) = postSolution
		SolutionGuid = {90404E8D-EB75-4787-828D-8B6E939B73A8}
	EndGlobalSection
EndGlobal
